# This file is autogenerated, do not edit; changes may be undone by the next 'dep ensure'.


[[projects]]
  branch = "master"
  name = "github.com/cuigh/auxo"
  packages = [".","app","app/flag","byte/size","config","data","encoding/yaml","errors","ext/files","ext/reflects","ext/texts","ext/times","log","log/console","log/file","net/web","net/web/renderer/std","net/web/router","security","util/cast","util/debug"]
  revision = "fafcf4c656a4da00d8e72d46e43252f9d8aa51e8"

[[projects]]
  name = "github.com/russross/blackfriday"
  packages = ["."]
  revision = "cadec560ec52d93835bf2f15bd794700d3a2473b"
  version = "v2.0.0"

[[projects]]
  branch = "master"
  name = "github.com/shurcooL/sanitized_anchor_name"
  packages = ["."]
  revision = "86672fcb3f950f35f2e675df2240550f2a50762f"

[[projects]]
  branch = "master"
  name = "golang.org/x/crypto"
  packages = ["acme","acme/autocert"]
  revision = "d585fd2cc9195196078f516b69daff6744ef5e84"

[solve-meta]
  analyzer-name = "dep"
  analyzer-version = 1
  inputs-digest = "0db7ac5cb26a603edab4a8633529d5f4e9ba570fc19b1f5f2254ed0cafcf0a1d"
  solver-name = "gps-cdcl"
  solver-version = 1
